PODS:
  - appambit_sdk_flutter (0.0.1):
    - AppAmbitSdk (= 1.1.0)
    - Flutter
  - appambit_sdk_push_notifications (0.0.1):
    - AppAmbitPushNotifications (= 1.1.0)
    - AppAmbitSdk (= 1.1.0)
    - Flutter
  - AppAmbitPushNotifications (1.1.0):
    - AppAmbitSdk
  - AppAmbitPushNotificationsExtension (1.1.0)
  - AppAmbitSdk (1.1.0)
  - Flutter (1.0.0)

DEPENDENCIES:
  - appambit_sdk_flutter (from `.symlinks/plugins/appambit_sdk_flutter/ios`)
  - appambit_sdk_push_notifications (from `.symlinks/plugins/appambit_sdk_push_notifications/ios`)
  - AppAmbitPushNotifications (from `../../appambit-sdk-ios/Push/AppAmbitPushNotifications`)
  - AppAmbitPushNotificationsExtension (~> 1.1.0)
  - AppAmbitSdk (from `../../appambit-sdk-ios/AppAmbitSdk`)
  - Flutter (from `Flutter`)

SPEC REPOS:
  trunk:
    - AppAmbitPushNotificationsExtension

EXTERNAL SOURCES:
  appambit_sdk_flutter:
    :path: ".symlinks/plugins/appambit_sdk_flutter/ios"
  appambit_sdk_push_notifications:
    :path: ".symlinks/plugins/appambit_sdk_push_notifications/ios"
  AppAmbitPushNotifications:
    :path: "../../appambit-sdk-ios/Push/AppAmbitPushNotifications"
  AppAmbitSdk:
    :path: "../../appambit-sdk-ios/AppAmbitSdk"
  Flutter:
    :path: Flutter

SPEC CHECKSUMS:
  appambit_sdk_flutter: b82e6d867dffcbb9b78abf2a572373823b7b0918
  appambit_sdk_push_notifications: 8efa117f11d9ebaf6c56d7a5b6ef8f66bf4fbb2a
  AppAmbitPushNotifications: 43a7e127a0ef16cd1ed324785ffe946d0b3bc421
  AppAmbitPushNotificationsExtension: daeda746fd99844afaf99c597e5873c922a185c0
  AppAmbitSdk: 3c353462b775e608dc6b7aa918feb2efd789188b
  Flutter: cabc95a1d2626b1b06e7179b784ebcf0c0cde467

PODFILE CHECKSUM: 3e60c7f711ed4b4ef16e762109eac55b739ec7f4

COCOAPODS: 1.16.2
